# This file was autogenerated by uv via the following command:
#    uv pip compile --python-version 3.10 pyproject.toml -o uv.lock
annotated-types==0.7.0
    # via pydantic
anyio==4.8.0
    # via
    #   httpx
    #   mcp
    #   sse-starlette
    #   starlette
certifi==2025.1.31
    # via
    #   httpcore
    #   httpx
click==8.1.8
    # via uvicorn
exceptiongroup==1.2.2
    # via anyio
h11==0.14.0
    # via
    #   httpcore
    #   uvicorn
haikunator==2.1.0
    # via mcp-perplexity (pyproject.toml)
httpcore==1.0.7
    # via httpx
httpx==0.28.1
    # via
    #   mcp-perplexity (pyproject.toml)
    #   mcp
httpx-sse==0.4.0
    # via mcp
idna==3.10
    # via
    #   anyio
    #   httpx
mcp==1.2.1
    # via mcp-perplexity (pyproject.toml)
pydantic==2.10.6
    # via
    #   mcp
    #   pydantic-settings
pydantic-core==2.27.2
    # via pydantic
pydantic-settings==2.7.1
    # via mcp
python-dotenv==1.0.1
    # via pydantic-settings
sniffio==1.3.1
    # via anyio
sse-starlette==2.2.1
    # via mcp
starlette==0.45.3
    # via
    #   mcp
    #   sse-starlette
typing-extensions==4.12.2
    # via
    #   anyio
    #   pydantic
    #   pydantic-core
    #   uvicorn
uvicorn==0.34.0
    # via mcp
